
Microsoft Visual Studio Solution File, Format Version 12.00
# Visual Studio Version 17
VisualStudioVersion = 17.1.32228.430
MinimumVisualStudioVersion = 10.0.40219.1
Project("{FAE04EC0-301F-11D3-BF4B-00C04F79EFBC}") = "ServerSide", "ServerSide\ServerSide.csproj", "{C6E3598B-42D6-49F2-B3B8-88405309348A}"
EndProject
Project("{FAE04EC0-301F-11D3-BF4B-00C04F79EFBC}") = "GrpcClient", "GrpcClient\GrpcClient.csproj", "{C6A95A2A-C9B0-40CD-8A60-0CE3C8B66D05}"
EndProject
Global
	GlobalSection(SolutionConfigurationPlatforms) = preSolution
		Debug|Any CPU = Debug|Any CPU
		Release|Any CPU = Release|Any CPU
	EndGlobalSection
	GlobalSection(ProjectConfigurationPlatforms) = postSolution
		{C6E3598B-42D6-49F2-B3B8-88405309348A}.Debug|Any CPU.ActiveCfg = Debug|Any CPU
		{C6E3598B-42D6-49F2-B3B8-88405309348A}.Debug|Any CPU.Build.0 = Debug|Any CPU
		{C6E3598B-42D6-49F2-B3B8-88405309348A}.Release|Any CPU.ActiveCfg = Release|Any CPU
		{C6E3598B-42D6-49F2-B3B8-88405309348A}.Release|Any CPU.Build.0 = Release|Any CPU
		{C6A95A2A-C9B0-40CD-8A60-0CE3C8B66D05}.Debug|Any CPU.ActiveCfg = Debug|Any CPU
		{C6A95A2A-C9B0-40CD-8A60-0CE3C8B66D05}.Debug|Any CPU.Build.0 = Debug|Any CPU
		{C6A95A2A-C9B0-40CD-8A60-0CE3C8B66D05}.Release|Any CPU.ActiveCfg = Release|Any CPU
		{C6A95A2A-C9B0-40CD-8A60-0CE3C8B66D05}.Release|Any CPU.Build.0 = Release|Any CPU
	EndGlobalSection
	GlobalSection(SolutionProperties) = preSolution
		HideSolutionNode = FALSE
	EndGlobalSection
	GlobalSection(ExtensibilityGlobals) = postSolution
		SolutionGuid = {E4C2F875-6C22-4013-8F4F-F3A8AB75CCD1}
	EndGlobalSection
EndGlobal
